<?xml version="1.0" encoding="utf-8"?>
<Project ToolsVersion="4.0" xmlns="http://schemas.microsoft.com/developer/msbuild/2003">
  <ItemGroup>
    <Filter Include="Generated Files">
      <UniqueIdentifier>{71ED8ED8-ACB9-4CE9-BBE1-E00B30144E11}</UniqueIdentifier>
      <Extensions>moc;h;cpp</Extensions>
      <ParseFiles>true</ParseFiles>
    </Filter>
    <Filter Include="Generated Files\Debug">
      <UniqueIdentifier>{ea5ffe2f-7b7e-4a4e-ba14-23f304c682c1}</UniqueIdentifier>
      <Extensions>cpp;moc</Extensions>
      <SourceControlFiles>False</SourceControlFiles>
    </Filter>
    <Filter Include="Generated Files\Release">
      <UniqueIdentifier>{cd8cdd5d-0df4-4721-af14-9b371d01acbf}</UniqueIdentifier>
      <Extensions>cpp;moc</Extensions>
      <SourceControlFiles>False</SourceControlFiles>
    </Filter>
    <Filter Include="Headers">
      <UniqueIdentifier>{b030c0fa-e81e-4cb3-8a8f-dbe899bb338a}</UniqueIdentifier>
    </Filter>
    <Filter Include="Sources">
      <UniqueIdentifier>{aba41583-ab0c-4df3-9e6c-f1b9c4960b21}</UniqueIdentifier>
    </Filter>
  </ItemGroup>
  <ItemGroup>
    <ClInclude Include="..\..\Thistle\kernel\itemstyle_p.h">
      <Filter>Headers</Filter>
    </ClInclude>
    <ClInclude Include="..\..\Thistle\kernel\abstractitemview_p.h">
      <Filter>Headers</Filter>
    </ClInclude>
    <ClInclude Include="..\..\Thistle\kernel\itemdelegate_p.h">
      <Filter>Headers</Filter>
    </ClInclude>
    <ClInclude Include="..\..\Thistle\kernel\itemstyle.h">
      <Filter>Headers</Filter>
    </ClInclude>
  </ItemGroup>
  <ItemGroup>
    <CustomBuild Include="..\..\Thistle\kernel\global.h">
      <Filter>Headers</Filter>
    </CustomBuild>
    <CustomBuild Include="..\..\Thistle\kernel\abstractitemview.h">
      <Filter>Headers</Filter>
    </CustomBuild>
    <CustomBuild Include="..\..\Thistle\kernel\itemdelegate.h">
      <Filter>Headers</Filter>
    </CustomBuild>
  </ItemGroup>
  <ItemGroup>
    <ClCompile Include="GeneratedFiles\Debug\moc_global.cpp">
      <Filter>Generated Files\Debug</Filter>
    </ClCompile>
    <ClCompile Include="GeneratedFiles\Release\moc_global.cpp">
      <Filter>Generated Files\Release</Filter>
    </ClCompile>
    <ClCompile Include="GeneratedFiles\Debug\moc_abstractitemview.cpp">
      <Filter>Generated Files\Debug</Filter>
    </ClCompile>
    <ClCompile Include="GeneratedFiles\Release\moc_abstractitemview.cpp">
      <Filter>Generated Files\Release</Filter>
    </ClCompile>
    <ClCompile Include="GeneratedFiles\Debug\moc_itemdelegate.cpp">
      <Filter>Generated Files\Debug</Filter>
    </ClCompile>
    <ClCompile Include="GeneratedFiles\Release\moc_itemdelegate.cpp">
      <Filter>Generated Files\Release</Filter>
    </ClCompile>
    <ClCompile Include="..\..\Thistle\kernel\abstractitemview.cpp">
      <Filter>Sources</Filter>
    </ClCompile>
    <ClCompile Include="..\..\Thistle\kernel\abstractitemview_p.cpp">
      <Filter>Sources</Filter>
    </ClCompile>
    <ClCompile Include="..\..\Thistle\kernel\itemdelegate.cpp">
      <Filter>Sources</Filter>
    </ClCompile>
    <ClCompile Include="..\..\Thistle\kernel\itemdelegate_p.cpp">
      <Filter>Sources</Filter>
    </ClCompile>
    <ClCompile Include="..\..\Thistle\kernel\itemstyle.cpp">
      <Filter>Sources</Filter>
    </ClCompile>
    <ClCompile Include="..\..\Thistle\kernel\itemstyle_p.cpp">
      <Filter>Sources</Filter>
    </ClCompile>
  </ItemGroup>
</Project>