<?xml version="1.0" encoding="utf-8"?>
<Project ToolsVersion="4.0" xmlns="http://schemas.microsoft.com/developer/msbuild/2003">
  <ItemGroup>
    <Filter Include="Generated Files">
      <UniqueIdentifier>{71ED8ED8-ACB9-4CE9-BBE1-E00B30144E11}</UniqueIdentifier>
      <Extensions>moc;h;cpp</Extensions>
      <ParseFiles>true</ParseFiles>
    </Filter>
    <Filter Include="Generated Files\Debug">
      <UniqueIdentifier>{c95ea92c-918a-497c-87ae-4f4682488634}</UniqueIdentifier>
      <Extensions>cpp;moc</Extensions>
      <SourceControlFiles>False</SourceControlFiles>
    </Filter>
    <Filter Include="Generated Files\Release">
      <UniqueIdentifier>{36548ee0-f6ad-4d75-8c3a-899fcb2a868e}</UniqueIdentifier>
      <Extensions>cpp;moc</Extensions>
      <SourceControlFiles>False</SourceControlFiles>
    </Filter>
    <Filter Include="Headers">
      <UniqueIdentifier>{4e3f14ac-d8ab-472b-8d13-83e1dcde4406}</UniqueIdentifier>
    </Filter>
    <Filter Include="Sources">
      <UniqueIdentifier>{b586aad4-f40e-4aa7-9efc-27e32b7b612a}</UniqueIdentifier>
    </Filter>
  </ItemGroup>
  <ItemGroup>
    <ClInclude Include="..\..\Thistle\Graphs\abstractgraphalgorithm_p.h">
      <Filter>Headers</Filter>
    </ClInclude>
    <ClInclude Include="..\..\Thistle\Graphs\graphalgorithm_p.h">
      <Filter>Headers</Filter>
    </ClInclude>
    <ClInclude Include="..\..\Thistle\Graphs\graphmodel_p.h">
      <Filter>Headers</Filter>
    </ClInclude>
    <ClInclude Include="..\..\Thistle\Graphs\graphview_p.h">
      <Filter>Headers</Filter>
    </ClInclude>
    <ClInclude Include="..\..\Thistle\Graphs\edge.h">
      <Filter>Headers</Filter>
    </ClInclude>
    <ClInclude Include="..\..\Thistle\Graphs\node.h">
      <Filter>Headers</Filter>
    </ClInclude>
    <ClInclude Include="..\..\Thistle\Graphs\node_p.h">
      <Filter>Sources</Filter>
    </ClInclude>
  </ItemGroup>
  <ItemGroup>
    <CustomBuild Include="..\..\Thistle\Graphs\graphalgorithm.h">
      <Filter>Headers</Filter>
    </CustomBuild>
    <CustomBuild Include="..\..\Thistle\Graphs\abstractgraphalgorithm.h">
      <Filter>Headers</Filter>
    </CustomBuild>
    <CustomBuild Include="..\..\Thistle\Graphs\graphmodel.h">
      <Filter>Headers</Filter>
    </CustomBuild>
    <CustomBuild Include="..\..\Thistle\Graphs\graphview.h">
      <Filter>Headers</Filter>
    </CustomBuild>
  </ItemGroup>
  <ItemGroup>
    <ClCompile Include="GeneratedFiles\Debug\moc_graphalgorithm.cpp">
      <Filter>Generated Files\Debug</Filter>
    </ClCompile>
    <ClCompile Include="GeneratedFiles\Release\moc_graphalgorithm.cpp">
      <Filter>Generated Files\Release</Filter>
    </ClCompile>
    <ClCompile Include="GeneratedFiles\Debug\moc_abstractgraphalgorithm.cpp">
      <Filter>Generated Files\Debug</Filter>
    </ClCompile>
    <ClCompile Include="GeneratedFiles\Release\moc_abstractgraphalgorithm.cpp">
      <Filter>Generated Files\Release</Filter>
    </ClCompile>
    <ClCompile Include="GeneratedFiles\Debug\moc_graphmodel.cpp">
      <Filter>Generated Files\Debug</Filter>
    </ClCompile>
    <ClCompile Include="GeneratedFiles\Release\moc_graphmodel.cpp">
      <Filter>Generated Files\Release</Filter>
    </ClCompile>
    <ClCompile Include="GeneratedFiles\Debug\moc_graphview.cpp">
      <Filter>Generated Files\Debug</Filter>
    </ClCompile>
    <ClCompile Include="GeneratedFiles\Release\moc_graphview.cpp">
      <Filter>Generated Files\Release</Filter>
    </ClCompile>
    <ClCompile Include="..\..\Thistle\Graphs\abstractgraphalgorithm.cpp">
      <Filter>Sources</Filter>
    </ClCompile>
    <ClCompile Include="..\..\Thistle\Graphs\abstractgraphalgorithm_p.cpp">
      <Filter>Sources</Filter>
    </ClCompile>
    <ClCompile Include="..\..\Thistle\Graphs\edge.cpp">
      <Filter>Sources</Filter>
    </ClCompile>
    <ClCompile Include="..\..\Thistle\Graphs\graphview.cpp">
      <Filter>Sources</Filter>
    </ClCompile>
    <ClCompile Include="..\..\Thistle\Graphs\graphalgorithm.cpp">
      <Filter>Sources</Filter>
    </ClCompile>
    <ClCompile Include="..\..\Thistle\Graphs\graphalgorithm_p.cpp">
      <Filter>Sources</Filter>
    </ClCompile>
    <ClCompile Include="..\..\Thistle\Graphs\graphmodel.cpp">
      <Filter>Sources</Filter>
    </ClCompile>
    <ClCompile Include="..\..\Thistle\Graphs\graphmodel_p.cpp">
      <Filter>Sources</Filter>
    </ClCompile>
    <ClCompile Include="..\..\Thistle\Graphs\graphview_p.cpp">
      <Filter>Sources</Filter>
    </ClCompile>
    <ClCompile Include="..\..\Thistle\Graphs\node.cpp">
      <Filter>Sources</Filter>
    </ClCompile>
    <ClCompile Include="..\..\Thistle\Graphs\node_p.cpp">
      <Filter>Sources</Filter>
    </ClCompile>
  </ItemGroup>
</Project>