<?xml version="1.0" encoding="utf-8"?>
<Project ToolsVersion="4.0" xmlns="http://schemas.microsoft.com/developer/msbuild/2003">
  <ItemGroup>
    <Filter Include="Generated Files">
      <UniqueIdentifier>{71ED8ED8-ACB9-4CE9-BBE1-E00B30144E11}</UniqueIdentifier>
      <Extensions>moc;h;cpp</Extensions>
      <ParseFiles>true</ParseFiles>
    </Filter>
    <Filter Include="Generated Files\Debug">
      <UniqueIdentifier>{a6ad64f4-49f9-42c2-8ad3-2af154d1a263}</UniqueIdentifier>
      <Extensions>cpp;moc</Extensions>
      <SourceControlFiles>False</SourceControlFiles>
    </Filter>
    <Filter Include="Generated Files\Release">
      <UniqueIdentifier>{fc364aa3-8d33-4b31-b9b6-f3071475ae10}</UniqueIdentifier>
      <Extensions>cpp;moc</Extensions>
      <SourceControlFiles>False</SourceControlFiles>
    </Filter>
    <Filter Include="Headers">
      <UniqueIdentifier>{93995380-89BD-4b04-88EB-625FBE52EBFB}</UniqueIdentifier>
      <Extensions>h</Extensions>
      <ParseFiles>true</ParseFiles>
    </Filter>
    <Filter Include="Headers\Viewes-Models">
      <UniqueIdentifier>{002b73a4-aee5-4d5a-a786-424220bfc7e4}</UniqueIdentifier>
    </Filter>
    <Filter Include="Headers\Algorithms">
      <UniqueIdentifier>{a8f5a41f-fd88-4ea0-b7e4-3602b4017cb1}</UniqueIdentifier>
    </Filter>
    <Filter Include="Sources">
      <UniqueIdentifier>{4FC737F1-C7A5-4376-A066-2A32D752A2FF}</UniqueIdentifier>
      <Extensions>cpp;cxx;c;def</Extensions>
      <ParseFiles>true</ParseFiles>
    </Filter>
    <Filter Include="Sources\Algorithms">
      <UniqueIdentifier>{e141af56-6eee-4742-b23a-b22cee93d86d}</UniqueIdentifier>
    </Filter>
    <Filter Include="Sources\Viewes-Models">
      <UniqueIdentifier>{95adf4e8-cf63-4617-ae0a-eee7d4fde688}</UniqueIdentifier>
    </Filter>
  </ItemGroup>
  <ItemGroup>
    <ClCompile Include="..\..\..\bin\vs2012\Debug\GeneratedFiles\moc_graphview.cpp">
      <Filter>Generated Files\Debug</Filter>
    </ClCompile>
    <ClCompile Include="..\..\..\bin\vs2012\Release\GeneratedFiles\moc_graphview.cpp">
      <Filter>Generated Files\Release</Filter>
    </ClCompile>
    <ClCompile Include="..\..\..\bin\vs2012\Debug\GeneratedFiles\moc_graphmodel.cpp">
      <Filter>Generated Files\Debug</Filter>
    </ClCompile>
    <ClCompile Include="..\..\..\bin\vs2012\Release\GeneratedFiles\moc_graphmodel.cpp">
      <Filter>Generated Files\Release</Filter>
    </ClCompile>
    <ClCompile Include="..\..\..\bin\vs2012\Debug\GeneratedFiles\moc_graphalgorithm.cpp">
      <Filter>Generated Files\Debug</Filter>
    </ClCompile>
    <ClCompile Include="..\..\..\bin\vs2012\Release\GeneratedFiles\moc_graphalgorithm.cpp">
      <Filter>Generated Files\Release</Filter>
    </ClCompile>
    <ClCompile Include="..\..\..\bin\vs2012\Debug\GeneratedFiles\moc_abstractgraphalgorithm.cpp">
      <Filter>Generated Files\Debug</Filter>
    </ClCompile>
    <ClCompile Include="..\..\..\bin\vs2012\Release\GeneratedFiles\moc_abstractgraphalgorithm.cpp">
      <Filter>Generated Files\Release</Filter>
    </ClCompile>
    <ClCompile Include="..\..\Thistle\Graphs\edge.cpp">
      <Filter>Sources\Viewes-Models</Filter>
    </ClCompile>
    <ClCompile Include="..\..\Thistle\Graphs\graphmodel.cpp">
      <Filter>Sources\Viewes-Models</Filter>
    </ClCompile>
    <ClCompile Include="..\..\Thistle\Graphs\graphmodel_p.cpp">
      <Filter>Sources\Viewes-Models</Filter>
    </ClCompile>
    <ClCompile Include="..\..\Thistle\Graphs\graphview.cpp">
      <Filter>Sources\Viewes-Models</Filter>
    </ClCompile>
    <ClCompile Include="..\..\Thistle\Graphs\node.cpp">
      <Filter>Sources\Viewes-Models</Filter>
    </ClCompile>
    <ClCompile Include="..\..\Thistle\Graphs\graphview_p.cpp">
      <Filter>Sources\Viewes-Models</Filter>
    </ClCompile>
    <ClCompile Include="..\..\Thistle\Graphs\node_p.cpp">
      <Filter>Sources\Viewes-Models</Filter>
    </ClCompile>
    <ClCompile Include="..\..\Thistle\Graphs\graphalgorithm_p.cpp">
      <Filter>Sources\Algorithms</Filter>
    </ClCompile>
    <ClCompile Include="..\..\Thistle\Graphs\abstractgraphalgorithm.cpp">
      <Filter>Sources\Algorithms</Filter>
    </ClCompile>
    <ClCompile Include="..\..\Thistle\Graphs\abstractgraphalgorithm_p.cpp">
      <Filter>Sources\Algorithms</Filter>
    </ClCompile>
    <ClCompile Include="..\..\Thistle\Graphs\graphalgorithm.cpp">
      <Filter>Sources\Algorithms</Filter>
    </ClCompile>
  </ItemGroup>
  <ItemGroup>
    <CustomBuild Include="..\..\Thistle\Graphs\graphview.h">
      <Filter>Headers\Viewes-Models</Filter>
    </CustomBuild>
    <CustomBuild Include="..\..\Thistle\Graphs\graphmodel.h">
      <Filter>Headers\Viewes-Models</Filter>
    </CustomBuild>
    <CustomBuild Include="..\..\Thistle\Graphs\abstractgraphalgorithm.h">
      <Filter>Headers\Algorithms</Filter>
    </CustomBuild>
    <CustomBuild Include="..\..\Thistle\Graphs\graphalgorithm.h">
      <Filter>Headers\Algorithms</Filter>
    </CustomBuild>
  </ItemGroup>
  <ItemGroup>
    <ClInclude Include="..\..\Thistle\Graphs\graphview_p.h">
      <Filter>Headers\Viewes-Models</Filter>
    </ClInclude>
    <ClInclude Include="..\..\Thistle\Graphs\edge.h">
      <Filter>Headers\Viewes-Models</Filter>
    </ClInclude>
    <ClInclude Include="..\..\Thistle\Graphs\node.h">
      <Filter>Headers\Viewes-Models</Filter>
    </ClInclude>
    <ClInclude Include="..\..\Thistle\Graphs\node_p.h">
      <Filter>Headers\Viewes-Models</Filter>
    </ClInclude>
    <ClInclude Include="..\..\Thistle\Graphs\graphmodel_p.h">
      <Filter>Headers\Viewes-Models</Filter>
    </ClInclude>
    <ClInclude Include="..\..\Thistle\Graphs\abstractgraphalgorithm_p.h">
      <Filter>Headers\Algorithms</Filter>
    </ClInclude>
    <ClInclude Include="..\..\Thistle\Graphs\graphalgorithm_p.h">
      <Filter>Headers\Algorithms</Filter>
    </ClInclude>
  </ItemGroup>
</Project>