<?xml version="1.0" encoding="utf-8"?>
<Project ToolsVersion="4.0" xmlns="http://schemas.microsoft.com/developer/msbuild/2003">
  <ItemGroup>
    <Filter Include="src">
      <UniqueIdentifier>{d1db0534-1ff8-468c-9522-7b3e1049f7a3}</UniqueIdentifier>
    </Filter>
    <Filter Include="defs">
      <UniqueIdentifier>{b738848b-f5b3-4837-98e1-ab732b56129e}</UniqueIdentifier>
    </Filter>
    <Filter Include="src\Header Files">
      <UniqueIdentifier>{93995380-89BD-4b04-88EB-625FBE52EBFB}</UniqueIdentifier>
      <Extensions>h</Extensions>
      <ParseFiles>true</ParseFiles>
    </Filter>
    <Filter Include="src\Source Files">
      <UniqueIdentifier>{4FC737F1-C7A5-4376-A066-2A32D752A2FF}</UniqueIdentifier>
      <Extensions>cpp;cxx;c;def</Extensions>
      <ParseFiles>true</ParseFiles>
    </Filter>
  </ItemGroup>
  <ItemGroup>
    <ClCompile Include="..\..\Thistle\Charts\Style\cssparser_chart.cpp">
      <Filter>src\Source Files</Filter>
    </ClCompile>
    <ClCompile Include="..\..\Thistle\Charts\Style\parser.l.cpp">
      <Filter>src\Source Files</Filter>
    </ClCompile>
    <ClCompile Include="..\..\Thistle\Charts\Style\parser.y.cpp">
      <Filter>src\Source Files</Filter>
    </ClCompile>
  </ItemGroup>
  <ItemGroup>
    <ClInclude Include="..\..\Thistle\Charts\Style\cssparser_chart.h">
      <Filter>src\Header Files</Filter>
    </ClInclude>
    <ClInclude Include="..\..\Thistle\Charts\Style\parser.y.h">
      <Filter>src\Header Files</Filter>
    </ClInclude>
  </ItemGroup>
  <ItemGroup>
    <CustomBuild Include="..\..\Thistle\Charts\Style\parser.l">
      <Filter>defs</Filter>
    </CustomBuild>
    <CustomBuild Include="..\..\Thistle\Charts\Style\parser.y">
      <Filter>defs</Filter>
    </CustomBuild>
  </ItemGroup>
</Project>