
Microsoft Visual Studio Solution File, Format Version 12.00
# Visual Studio 2013
VisualStudioVersion = 12.0.31101.0
MinimumVisualStudioVersion = 10.0.40219.1
Project("{8BC9CEB8-8B4A-11D0-8D11-00A0C91BC942}") = "Kernel", "Kernel\Kernel.vcxproj", "{B12702AD-ABFB-343A-A199-8E24837244A3}"
EndProject
Project("{8BC9CEB8-8B4A-11D0-8D11-00A0C91BC942}") = "Charts", "Charts\Charts.vcxproj", "{0F67512C-1A05-4C12-8DA1-D5673C3C4527}"
	ProjectSection(ProjectDependencies) = postProject
		{B12702AD-ABFB-343A-A199-8E24837244A3} = {B12702AD-ABFB-343A-A199-8E24837244A3}
	EndProjectSection
EndProject
Project("{8BC9CEB8-8B4A-11D0-8D11-00A0C91BC942}") = "Trees", "Trees\Trees.vcxproj", "{E0D76319-A876-433F-9B16-4608AEB54C24}"
	ProjectSection(ProjectDependencies) = postProject
		{B12702AD-ABFB-343A-A199-8E24837244A3} = {B12702AD-ABFB-343A-A199-8E24837244A3}
	EndProjectSection
EndProject
Project("{8BC9CEB8-8B4A-11D0-8D11-00A0C91BC942}") = "Graphs", "Graphs\Graphs.vcxproj", "{FCDC807A-0368-4685-B2CA-CE1C6F3BF522}"
	ProjectSection(ProjectDependencies) = postProject
		{B12702AD-ABFB-343A-A199-8E24837244A3} = {B12702AD-ABFB-343A-A199-8E24837244A3}
	EndProjectSection
EndProject
Project("{8BC9CEB8-8B4A-11D0-8D11-00A0C91BC942}") = "Sandbox", "Sandbox\Sandbox.vcxproj", "{99668206-E910-427C-8545-ADF0DAE92A06}"
	ProjectSection(ProjectDependencies) = postProject
		{E0D76319-A876-433F-9B16-4608AEB54C24} = {E0D76319-A876-433F-9B16-4608AEB54C24}
		{0F67512C-1A05-4C12-8DA1-D5673C3C4527} = {0F67512C-1A05-4C12-8DA1-D5673C3C4527}
		{FCDC807A-0368-4685-B2CA-CE1C6F3BF522} = {FCDC807A-0368-4685-B2CA-CE1C6F3BF522}
		{B12702AD-ABFB-343A-A199-8E24837244A3} = {B12702AD-ABFB-343A-A199-8E24837244A3}
	EndProjectSection
EndProject
Project("{2150E333-8FDC-42A3-9474-1A3956D46DE8}") = "Parts", "Parts", "{B5F41E0F-967A-4498-808A-1F24C4E2C888}"
EndProject
Project("{8BC9CEB8-8B4A-11D0-8D11-00A0C91BC942}") = "CSSParser", "CSSParser\CSSParser.vcxproj", "{E2448B8C-2944-4669-9C4C-865650CDC95A}"
EndProject
Project("{8BC9CEB8-8B4A-11D0-8D11-00A0C91BC942}") = "ChartStyleParser", "ChartStyleParser\ChartStyleParser.vcxproj", "{286888CB-53D9-4E01-A2CB-B6A574877945}"
EndProject
Global
	GlobalSection(SolutionConfigurationPlatforms) = preSolution
		Debug|Win32 = Debug|Win32
		Release|Win32 = Release|Win32
	EndGlobalSection
	GlobalSection(ProjectConfigurationPlatforms) = postSolution
		{B12702AD-ABFB-343A-A199-8E24837244A3}.Debug|Win32.ActiveCfg = Debug|Win32
		{B12702AD-ABFB-343A-A199-8E24837244A3}.Debug|Win32.Build.0 = Debug|Win32
		{B12702AD-ABFB-343A-A199-8E24837244A3}.Release|Win32.ActiveCfg = Release|Win32
		{B12702AD-ABFB-343A-A199-8E24837244A3}.Release|Win32.Build.0 = Release|Win32
		{0F67512C-1A05-4C12-8DA1-D5673C3C4527}.Debug|Win32.ActiveCfg = Debug|Win32
		{0F67512C-1A05-4C12-8DA1-D5673C3C4527}.Debug|Win32.Build.0 = Debug|Win32
		{0F67512C-1A05-4C12-8DA1-D5673C3C4527}.Release|Win32.ActiveCfg = Release|Win32
		{0F67512C-1A05-4C12-8DA1-D5673C3C4527}.Release|Win32.Build.0 = Release|Win32
		{E0D76319-A876-433F-9B16-4608AEB54C24}.Debug|Win32.ActiveCfg = Debug|Win32
		{E0D76319-A876-433F-9B16-4608AEB54C24}.Debug|Win32.Build.0 = Debug|Win32
		{E0D76319-A876-433F-9B16-4608AEB54C24}.Release|Win32.ActiveCfg = Release|Win32
		{E0D76319-A876-433F-9B16-4608AEB54C24}.Release|Win32.Build.0 = Release|Win32
		{FCDC807A-0368-4685-B2CA-CE1C6F3BF522}.Debug|Win32.ActiveCfg = Debug|Win32
		{FCDC807A-0368-4685-B2CA-CE1C6F3BF522}.Debug|Win32.Build.0 = Debug|Win32
		{FCDC807A-0368-4685-B2CA-CE1C6F3BF522}.Release|Win32.ActiveCfg = Release|Win32
		{FCDC807A-0368-4685-B2CA-CE1C6F3BF522}.Release|Win32.Build.0 = Release|Win32
		{99668206-E910-427C-8545-ADF0DAE92A06}.Debug|Win32.ActiveCfg = Debug|Win32
		{99668206-E910-427C-8545-ADF0DAE92A06}.Debug|Win32.Build.0 = Debug|Win32
		{99668206-E910-427C-8545-ADF0DAE92A06}.Release|Win32.ActiveCfg = Release|Win32
		{99668206-E910-427C-8545-ADF0DAE92A06}.Release|Win32.Build.0 = Release|Win32
		{E2448B8C-2944-4669-9C4C-865650CDC95A}.Debug|Win32.ActiveCfg = Debug|Win32
		{E2448B8C-2944-4669-9C4C-865650CDC95A}.Debug|Win32.Build.0 = Debug|Win32
		{E2448B8C-2944-4669-9C4C-865650CDC95A}.Release|Win32.ActiveCfg = Release|Win32
		{E2448B8C-2944-4669-9C4C-865650CDC95A}.Release|Win32.Build.0 = Release|Win32
		{286888CB-53D9-4E01-A2CB-B6A574877945}.Debug|Win32.ActiveCfg = Debug|Win32
		{286888CB-53D9-4E01-A2CB-B6A574877945}.Debug|Win32.Build.0 = Debug|Win32
		{286888CB-53D9-4E01-A2CB-B6A574877945}.Release|Win32.ActiveCfg = Release|Win32
		{286888CB-53D9-4E01-A2CB-B6A574877945}.Release|Win32.Build.0 = Release|Win32
	EndGlobalSection
	GlobalSection(SolutionProperties) = preSolution
		HideSolutionNode = FALSE
	EndGlobalSection
	GlobalSection(NestedProjects) = preSolution
		{B12702AD-ABFB-343A-A199-8E24837244A3} = {B5F41E0F-967A-4498-808A-1F24C4E2C888}
		{E0D76319-A876-433F-9B16-4608AEB54C24} = {B5F41E0F-967A-4498-808A-1F24C4E2C888}
		{FCDC807A-0368-4685-B2CA-CE1C6F3BF522} = {B5F41E0F-967A-4498-808A-1F24C4E2C888}
	EndGlobalSection
EndGlobal
