<?xml version="1.0" encoding="utf-8"?>
<Project ToolsVersion="4.0" xmlns="http://schemas.microsoft.com/developer/msbuild/2003">
  <ItemGroup>
    <Filter Include="Source Files">
      <UniqueIdentifier>{4FC737F1-C7A5-4376-A066-2A32D752A2FF}</UniqueIdentifier>
      <Extensions>cpp;cxx;c;def</Extensions>
      <ParseFiles>true</ParseFiles>
    </Filter>
    <Filter Include="Header Files">
      <UniqueIdentifier>{93995380-89BD-4b04-88EB-625FBE52EBFB}</UniqueIdentifier>
      <Extensions>h</Extensions>
      <ParseFiles>true</ParseFiles>
    </Filter>
    <Filter Include="Generated Files">
      <UniqueIdentifier>{71ED8ED8-ACB9-4CE9-BBE1-E00B30144E11}</UniqueIdentifier>
      <Extensions>moc;h;cpp</Extensions>
      <ParseFiles>true</ParseFiles>
    </Filter>
    <Filter Include="Generated Files\Debug">
      <UniqueIdentifier>{b257839a-2653-4875-bdca-fabbd03c4618}</UniqueIdentifier>
    </Filter>
    <Filter Include="Generated Files\Release">
      <UniqueIdentifier>{a35fda02-3346-48aa-9621-4f71a186b566}</UniqueIdentifier>
    </Filter>
    <Filter Include="_old">
      <UniqueIdentifier>{6db82574-1a93-4673-9825-6a626e6fd23b}</UniqueIdentifier>
    </Filter>
  </ItemGroup>
  <ItemGroup>
    <ClCompile Include="..\..\..\bin\vs2012\Debug\GeneratedFiles\moc_abstracttree.cpp">
      <Filter>Generated Files\Debug</Filter>
    </ClCompile>
    <ClCompile Include="..\..\..\bin\vs2012\Debug\GeneratedFiles\moc_radialtree.cpp">
      <Filter>Generated Files\Debug</Filter>
    </ClCompile>
    <ClCompile Include="..\..\..\bin\vs2012\Debug\GeneratedFiles\moc_verticaltree.cpp">
      <Filter>Generated Files\Debug</Filter>
    </ClCompile>
    <ClCompile Include="..\..\..\bin\vs2012\Release\GeneratedFiles\moc_abstracttree.cpp">
      <Filter>Generated Files\Release</Filter>
    </ClCompile>
    <ClCompile Include="..\..\..\bin\vs2012\Release\GeneratedFiles\moc_radialtree.cpp">
      <Filter>Generated Files\Release</Filter>
    </ClCompile>
    <ClCompile Include="..\..\..\bin\vs2012\Release\GeneratedFiles\moc_verticaltree.cpp">
      <Filter>Generated Files\Release</Filter>
    </ClCompile>
    <ClCompile Include="..\..\Thistle\Trees\treeview.cpp">
      <Filter>Source Files</Filter>
    </ClCompile>
    <ClCompile Include="..\..\Thistle\Trees\treeview_p.cpp">
      <Filter>Source Files</Filter>
    </ClCompile>
    <ClCompile Include="..\..\..\bin\vs2012\Debug\GeneratedFiles\moc_treeview.cpp">
      <Filter>Generated Files\Debug</Filter>
    </ClCompile>
    <ClCompile Include="..\..\..\bin\vs2012\Release\GeneratedFiles\moc_treeview.cpp">
      <Filter>Generated Files\Release</Filter>
    </ClCompile>
    <ClCompile Include="..\..\Thistle\Trees\treelayout.cpp">
      <Filter>Source Files</Filter>
    </ClCompile>
    <ClCompile Include="..\..\Thistle\Trees\treelayout_p.cpp">
      <Filter>Source Files</Filter>
    </ClCompile>
    <ClCompile Include="..\..\Thistle\Trees\radialtreelayout.cpp">
      <Filter>Source Files</Filter>
    </ClCompile>
    <ClCompile Include="..\..\Thistle\Trees\radialtreelayout_p.cpp">
      <Filter>Source Files</Filter>
    </ClCompile>
    <ClCompile Include="..\..\Thistle\Trees\abstracttree.cpp">
      <Filter>_old</Filter>
    </ClCompile>
    <ClCompile Include="..\..\Thistle\Trees\abstracttree_p.cpp">
      <Filter>_old</Filter>
    </ClCompile>
    <ClCompile Include="..\..\Thistle\Trees\horizontaltree.cpp">
      <Filter>_old</Filter>
    </ClCompile>
    <ClCompile Include="..\..\Thistle\Trees\radialtree.cpp">
      <Filter>_old</Filter>
    </ClCompile>
    <ClCompile Include="..\..\Thistle\Trees\horizontaltree_p.cpp">
      <Filter>_old</Filter>
    </ClCompile>
    <ClCompile Include="..\..\Thistle\Trees\radialtree_p.cpp">
      <Filter>_old</Filter>
    </ClCompile>
    <ClCompile Include="..\..\Thistle\Trees\verticaltree_p.cpp">
      <Filter>_old</Filter>
    </ClCompile>
    <ClCompile Include="..\..\Thistle\Trees\verticaltree.cpp">
      <Filter>_old</Filter>
    </ClCompile>
    <ClCompile Include="..\..\..\bin\vs2012\Debug\GeneratedFiles\moc_treelayout.cpp">
      <Filter>Generated Files\Debug</Filter>
    </ClCompile>
    <ClCompile Include="..\..\..\bin\vs2012\Release\GeneratedFiles\moc_treelayout.cpp">
      <Filter>Generated Files\Release</Filter>
    </ClCompile>
  </ItemGroup>
  <ItemGroup>
    <CustomBuild Include="..\..\Thistle\Trees\treeview.h">
      <Filter>Header Files</Filter>
    </CustomBuild>
    <CustomBuild Include="..\..\Thistle\Trees\radialtree.h">
      <Filter>_old</Filter>
    </CustomBuild>
    <CustomBuild Include="..\..\Thistle\Trees\verticaltree.h">
      <Filter>_old</Filter>
    </CustomBuild>
    <CustomBuild Include="..\..\Thistle\Trees\abstracttree.h">
      <Filter>_old</Filter>
    </CustomBuild>
    <CustomBuild Include="..\..\Thistle\Trees\treelayout.h">
      <Filter>Header Files</Filter>
    </CustomBuild>
  </ItemGroup>
  <ItemGroup>
    <ClInclude Include="..\..\Thistle\Trees\treeview_p.h">
      <Filter>Header Files</Filter>
    </ClInclude>
    <ClInclude Include="..\..\Thistle\Trees\treelayout_p.h">
      <Filter>Header Files</Filter>
    </ClInclude>
    <ClInclude Include="..\..\Thistle\Trees\radialtreelayout.h">
      <Filter>Header Files</Filter>
    </ClInclude>
    <ClInclude Include="..\..\Thistle\Trees\radialtreelayout_p.h">
      <Filter>Header Files</Filter>
    </ClInclude>
    <ClInclude Include="..\..\Thistle\Trees\horizontaltree.h">
      <Filter>_old</Filter>
    </ClInclude>
    <ClInclude Include="..\..\Thistle\Trees\horizontaltree_p.h">
      <Filter>_old</Filter>
    </ClInclude>
    <ClInclude Include="..\..\Thistle\Trees\radialtree_p.h">
      <Filter>_old</Filter>
    </ClInclude>
    <ClInclude Include="..\..\Thistle\Trees\verticaltree_p.h">
      <Filter>_old</Filter>
    </ClInclude>
    <ClInclude Include="..\..\Thistle\Trees\abstracttree_p.h">
      <Filter>_old</Filter>
    </ClInclude>
  </ItemGroup>
</Project>