<?xml version="1.0" encoding="utf-8"?>
<Project ToolsVersion="4.0" xmlns="http://schemas.microsoft.com/developer/msbuild/2003">
  <ItemGroup>
    <Filter Include="Source Files">
      <UniqueIdentifier>{4FC737F1-C7A5-4376-A066-2A32D752A2FF}</UniqueIdentifier>
      <Extensions>cpp;cxx;c;def</Extensions>
      <ParseFiles>true</ParseFiles>
    </Filter>
    <Filter Include="Header Files">
      <UniqueIdentifier>{93995380-89BD-4b04-88EB-625FBE52EBFB}</UniqueIdentifier>
      <Extensions>h</Extensions>
      <ParseFiles>true</ParseFiles>
    </Filter>
    <Filter Include="Generated Files">
      <UniqueIdentifier>{71ED8ED8-ACB9-4CE9-BBE1-E00B30144E11}</UniqueIdentifier>
      <Extensions>moc;h;cpp</Extensions>
      <ParseFiles>true</ParseFiles>
    </Filter>
    <Filter Include="Generated Files\Debug">
      <UniqueIdentifier>{26f393d5-74f4-4173-8a47-de83e892620a}</UniqueIdentifier>
      <Extensions>cpp;moc</Extensions>
      <SourceControlFiles>False</SourceControlFiles>
    </Filter>
    <Filter Include="Generated Files\Release">
      <UniqueIdentifier>{46cc01ce-3c26-4970-9e37-8a52bdb9d165}</UniqueIdentifier>
      <Extensions>cpp;moc</Extensions>
      <SourceControlFiles>False</SourceControlFiles>
    </Filter>
    <Filter Include="Header Files\Viewes">
      <UniqueIdentifier>{97d41609-4751-404a-b13b-b58cdaddd2b4}</UniqueIdentifier>
    </Filter>
    <Filter Include="Header Files\Components">
      <UniqueIdentifier>{5ae0f498-9f2c-4b0c-a063-3d7a5fb26c5b}</UniqueIdentifier>
    </Filter>
    <Filter Include="Header Files\Components\Axis">
      <UniqueIdentifier>{440f1f3b-5ce6-43dc-bbd1-10c7b42a35f3}</UniqueIdentifier>
    </Filter>
    <Filter Include="Header Files\Components\Legends">
      <UniqueIdentifier>{f8805714-fa49-4003-97b7-773d6af8f5f1}</UniqueIdentifier>
    </Filter>
    <Filter Include="Source Files\Components">
      <UniqueIdentifier>{365fd975-41f3-4e10-aa77-52794f74a88c}</UniqueIdentifier>
    </Filter>
    <Filter Include="Source Files\Viewes">
      <UniqueIdentifier>{e369ea48-45ac-4ee8-8033-17b6bf3fc0fa}</UniqueIdentifier>
    </Filter>
    <Filter Include="Source Files\Components\Legends">
      <UniqueIdentifier>{d2ef31ea-4f70-4228-aa47-36e531dd7e2e}</UniqueIdentifier>
    </Filter>
    <Filter Include="Source Files\Components\Axis">
      <UniqueIdentifier>{ef56447f-84d5-4a69-a2ca-25be67ed5f22}</UniqueIdentifier>
    </Filter>
  </ItemGroup>
  <ItemGroup>
    <ClCompile Include="..\..\..\bin\vs2012\Debug\GeneratedFiles\moc_radialchart.cpp">
      <Filter>Generated Files\Debug</Filter>
    </ClCompile>
    <ClCompile Include="..\..\..\bin\vs2012\Release\GeneratedFiles\moc_radialchart.cpp">
      <Filter>Generated Files\Release</Filter>
    </ClCompile>
    <ClCompile Include="..\..\..\bin\vs2012\Debug\GeneratedFiles\moc_piechart3d.cpp">
      <Filter>Generated Files\Debug</Filter>
    </ClCompile>
    <ClCompile Include="..\..\..\bin\vs2012\Release\GeneratedFiles\moc_piechart3d.cpp">
      <Filter>Generated Files\Release</Filter>
    </ClCompile>
    <ClCompile Include="..\..\..\bin\vs2012\Debug\GeneratedFiles\moc_piechart.cpp">
      <Filter>Generated Files\Debug</Filter>
    </ClCompile>
    <ClCompile Include="..\..\..\bin\vs2012\Release\GeneratedFiles\moc_piechart.cpp">
      <Filter>Generated Files\Release</Filter>
    </ClCompile>
    <ClCompile Include="..\..\..\bin\vs2012\Debug\GeneratedFiles\moc_linearchart.cpp">
      <Filter>Generated Files\Debug</Filter>
    </ClCompile>
    <ClCompile Include="..\..\..\bin\vs2012\Release\GeneratedFiles\moc_linearchart.cpp">
      <Filter>Generated Files\Release</Filter>
    </ClCompile>
    <ClCompile Include="..\..\..\bin\vs2012\Debug\GeneratedFiles\moc_axischart.cpp">
      <Filter>Generated Files\Debug</Filter>
    </ClCompile>
    <ClCompile Include="..\..\..\bin\vs2012\Release\GeneratedFiles\moc_axischart.cpp">
      <Filter>Generated Files\Release</Filter>
    </ClCompile>
    <ClCompile Include="..\..\Thistle\Charts\abstractchart.cpp">
      <Filter>Source Files\Viewes</Filter>
    </ClCompile>
    <ClCompile Include="..\..\Thistle\Charts\abstractchart_p.cpp">
      <Filter>Source Files\Viewes</Filter>
    </ClCompile>
    <ClCompile Include="..\..\Thistle\Charts\linearchart.cpp">
      <Filter>Source Files\Viewes</Filter>
    </ClCompile>
    <ClCompile Include="..\..\Thistle\Charts\linearchart_p.cpp">
      <Filter>Source Files\Viewes</Filter>
    </ClCompile>
    <ClCompile Include="..\..\Thistle\Charts\piechart.cpp">
      <Filter>Source Files\Viewes</Filter>
    </ClCompile>
    <ClCompile Include="..\..\Thistle\Charts\piechart3d.cpp">
      <Filter>Source Files\Viewes</Filter>
    </ClCompile>
    <ClCompile Include="..\..\Thistle\Charts\piechart3d_p.cpp">
      <Filter>Source Files\Viewes</Filter>
    </ClCompile>
    <ClCompile Include="..\..\Thistle\Charts\piechart_p.cpp">
      <Filter>Source Files\Viewes</Filter>
    </ClCompile>
    <ClCompile Include="..\..\Thistle\Charts\radialchart.cpp">
      <Filter>Source Files\Viewes</Filter>
    </ClCompile>
    <ClCompile Include="..\..\Thistle\Charts\radialchart_p.cpp">
      <Filter>Source Files\Viewes</Filter>
    </ClCompile>
    <ClCompile Include="..\..\Thistle\Charts\Axis\abstractaxis_p.cpp">
      <Filter>Source Files\Components\Axis</Filter>
    </ClCompile>
    <ClCompile Include="..\..\Thistle\Charts\Axis\abstractaxis.cpp">
      <Filter>Source Files\Components\Axis</Filter>
    </ClCompile>
    <ClCompile Include="..\..\Thistle\Charts\Axis\orthogonalaxis.cpp">
      <Filter>Source Files\Components\Axis</Filter>
    </ClCompile>
    <ClCompile Include="..\..\Thistle\Charts\Axis\orthogonalaxis_p.cpp">
      <Filter>Source Files\Components\Axis</Filter>
    </ClCompile>
    <ClCompile Include="..\..\Thistle\Charts\Axis\radialaxis.cpp">
      <Filter>Source Files\Components\Axis</Filter>
    </ClCompile>
    <ClCompile Include="..\..\Thistle\Charts\Axis\radialaxis_p.cpp">
      <Filter>Source Files\Components\Axis</Filter>
    </ClCompile>
    <ClCompile Include="..\..\Thistle\Charts\Legends\chartlegend.cpp">
      <Filter>Source Files\Components\Legends</Filter>
    </ClCompile>
    <ClCompile Include="..\..\Thistle\Charts\Legends\linearchartlegend.cpp">
      <Filter>Source Files\Components\Legends</Filter>
    </ClCompile>
    <ClCompile Include="..\..\Thistle\Charts\Legends\piechartlegend.cpp">
      <Filter>Source Files\Components\Legends</Filter>
    </ClCompile>
    <ClCompile Include="..\..\Thistle\Charts\Legends\RadialChartLegend.cpp">
      <Filter>Source Files\Components\Legends</Filter>
    </ClCompile>
    <ClCompile Include="..\..\Thistle\Charts\delegates.cpp">
      <Filter>Source Files\Components</Filter>
    </ClCompile>
    <ClCompile Include="..\..\Thistle\Charts\serieformat.cpp">
      <Filter>Source Files\Components</Filter>
    </ClCompile>
    <ClCompile Include="..\..\Thistle\Charts\axischart.cpp">
      <Filter>Source Files\Viewes</Filter>
    </ClCompile>
    <ClCompile Include="..\..\Thistle\Charts\axischart_p.cpp">
      <Filter>Source Files\Viewes</Filter>
    </ClCompile>
  </ItemGroup>
  <ItemGroup>
    <ClInclude Include="..\..\Thistle\Charts\abstractchart.h">
      <Filter>Header Files\Viewes</Filter>
    </ClInclude>
    <ClInclude Include="..\..\Thistle\Charts\abstractchart_p.h">
      <Filter>Header Files\Viewes</Filter>
    </ClInclude>
    <ClInclude Include="..\..\Thistle\Charts\axischart_p.h">
      <Filter>Header Files\Viewes</Filter>
    </ClInclude>
    <ClInclude Include="..\..\Thistle\Charts\linearchart_p.h">
      <Filter>Header Files\Viewes</Filter>
    </ClInclude>
    <ClInclude Include="..\..\Thistle\Charts\piechart3d_p.h">
      <Filter>Header Files\Viewes</Filter>
    </ClInclude>
    <ClInclude Include="..\..\Thistle\Charts\piechart_p.h">
      <Filter>Header Files\Viewes</Filter>
    </ClInclude>
    <ClInclude Include="..\..\Thistle\Charts\radialchart_p.h">
      <Filter>Header Files\Viewes</Filter>
    </ClInclude>
    <ClInclude Include="..\..\Thistle\Charts\Axis\abstractaxis.h">
      <Filter>Header Files\Components\Axis</Filter>
    </ClInclude>
    <ClInclude Include="..\..\Thistle\Charts\Axis\abstractaxis_p.h">
      <Filter>Header Files\Components\Axis</Filter>
    </ClInclude>
    <ClInclude Include="..\..\Thistle\Charts\Axis\orthogonalaxis.h">
      <Filter>Header Files\Components\Axis</Filter>
    </ClInclude>
    <ClInclude Include="..\..\Thistle\Charts\Axis\orthogonalaxis_p.h">
      <Filter>Header Files\Components\Axis</Filter>
    </ClInclude>
    <ClInclude Include="..\..\Thistle\Charts\Axis\radialaxis.h">
      <Filter>Header Files\Components\Axis</Filter>
    </ClInclude>
    <ClInclude Include="..\..\Thistle\Charts\Axis\radialaxis_p.h">
      <Filter>Header Files\Components\Axis</Filter>
    </ClInclude>
    <ClInclude Include="..\..\Thistle\Charts\delegates.h">
      <Filter>Header Files\Components</Filter>
    </ClInclude>
    <ClInclude Include="..\..\Thistle\Charts\serieformat.h">
      <Filter>Header Files\Components</Filter>
    </ClInclude>
    <ClInclude Include="..\..\Thistle\Charts\serieformat_p.h">
      <Filter>Header Files\Components</Filter>
    </ClInclude>
    <ClInclude Include="..\..\Thistle\Charts\Legends\chartlegend.h">
      <Filter>Header Files\Components\Legends</Filter>
    </ClInclude>
    <ClInclude Include="..\..\Thistle\Charts\Legends\piechartlegend.h">
      <Filter>Header Files\Components\Legends</Filter>
    </ClInclude>
    <ClInclude Include="..\..\Thistle\Charts\Legends\RadialChartLegend.h">
      <Filter>Header Files\Components\Legends</Filter>
    </ClInclude>
    <ClInclude Include="..\..\Thistle\Charts\Legends\linearchartlegend.h">
      <Filter>Header Files\Components\Legends</Filter>
    </ClInclude>
  </ItemGroup>
  <ItemGroup>
    <CustomBuild Include="..\..\Thistle\Charts\axischart.h">
      <Filter>Header Files\Viewes</Filter>
    </CustomBuild>
    <CustomBuild Include="..\..\Thistle\Charts\linearchart.h">
      <Filter>Header Files\Viewes</Filter>
    </CustomBuild>
    <CustomBuild Include="..\..\Thistle\Charts\piechart.h">
      <Filter>Header Files\Viewes</Filter>
    </CustomBuild>
    <CustomBuild Include="..\..\Thistle\Charts\piechart3d.h">
      <Filter>Header Files\Viewes</Filter>
    </CustomBuild>
    <CustomBuild Include="..\..\Thistle\Charts\radialchart.h">
      <Filter>Header Files\Viewes</Filter>
    </CustomBuild>
  </ItemGroup>
</Project>