<?xml version="1.0" encoding="utf-8"?>
<Project ToolsVersion="4.0" xmlns="http://schemas.microsoft.com/developer/msbuild/2003">
  <ItemGroup>
    <Filter Include="Generated Files">
      <UniqueIdentifier>{71ED8ED8-ACB9-4CE9-BBE1-E00B30144E11}</UniqueIdentifier>
      <Extensions>moc;h;cpp</Extensions>
      <ParseFiles>true</ParseFiles>
    </Filter>
    <Filter Include="Generated Files\Debug">
      <UniqueIdentifier>{2e2f03de-d0eb-4f16-96d9-5419dcfcce7b}</UniqueIdentifier>
      <Extensions>cpp;moc</Extensions>
      <SourceControlFiles>False</SourceControlFiles>
    </Filter>
    <Filter Include="Generated Files\Release">
      <UniqueIdentifier>{902a22ff-9ade-415f-a06b-ce84b77bbeb5}</UniqueIdentifier>
      <Extensions>cpp;moc</Extensions>
      <SourceControlFiles>False</SourceControlFiles>
    </Filter>
    <Filter Include="Headers">
      <UniqueIdentifier>{3c98b176-b880-452d-a742-a098b22a5b3d}</UniqueIdentifier>
    </Filter>
    <Filter Include="Sources">
      <UniqueIdentifier>{241b5998-e458-4a8f-b1c6-7def4a7bfe30}</UniqueIdentifier>
    </Filter>
  </ItemGroup>
  <ItemGroup>
    <ClInclude Include="..\..\Thistle\Trees\radialtree_p.h">
      <Filter>Headers</Filter>
    </ClInclude>
    <ClInclude Include="..\..\Thistle\Trees\abstracttree_p.h">
      <Filter>Headers</Filter>
    </ClInclude>
    <ClInclude Include="..\..\Thistle\Trees\verticaltree_p.h">
      <Filter>Headers</Filter>
    </ClInclude>
    <ClInclude Include="..\..\Thistle\Trees\horizontaltree.h">
      <Filter>Headers</Filter>
    </ClInclude>
  </ItemGroup>
  <ItemGroup>
    <CustomBuild Include="..\..\Thistle\Trees\verticaltree.h">
      <Filter>Headers</Filter>
    </CustomBuild>
    <CustomBuild Include="..\..\Thistle\Trees\abstracttree.h">
      <Filter>Headers</Filter>
    </CustomBuild>
    <CustomBuild Include="..\..\Thistle\Trees\radialtree.h">
      <Filter>Headers</Filter>
    </CustomBuild>
  </ItemGroup>
  <ItemGroup>
    <ClCompile Include="GeneratedFiles\Debug\moc_verticaltree.cpp">
      <Filter>Generated Files\Debug</Filter>
    </ClCompile>
    <ClCompile Include="GeneratedFiles\Release\moc_verticaltree.cpp">
      <Filter>Generated Files\Release</Filter>
    </ClCompile>
    <ClCompile Include="GeneratedFiles\Debug\moc_abstracttree.cpp">
      <Filter>Generated Files\Debug</Filter>
    </ClCompile>
    <ClCompile Include="GeneratedFiles\Release\moc_abstracttree.cpp">
      <Filter>Generated Files\Release</Filter>
    </ClCompile>
    <ClCompile Include="GeneratedFiles\Debug\moc_radialtree.cpp">
      <Filter>Generated Files\Debug</Filter>
    </ClCompile>
    <ClCompile Include="GeneratedFiles\Release\moc_radialtree.cpp">
      <Filter>Generated Files\Release</Filter>
    </ClCompile>
    <ClCompile Include="..\..\Thistle\Trees\horizontaltree.cpp">
      <Filter>Sources</Filter>
    </ClCompile>
    <ClCompile Include="..\..\Thistle\Trees\radialtree.cpp">
      <Filter>Sources</Filter>
    </ClCompile>
    <ClCompile Include="..\..\Thistle\Trees\radialtree_p.cpp">
      <Filter>Sources</Filter>
    </ClCompile>
    <ClCompile Include="..\..\Thistle\Trees\abstracttree.cpp">
      <Filter>Sources</Filter>
    </ClCompile>
    <ClCompile Include="..\..\Thistle\Trees\abstracttree_p.cpp">
      <Filter>Sources</Filter>
    </ClCompile>
    <ClCompile Include="..\..\Thistle\Trees\verticaltree.cpp">
      <Filter>Sources</Filter>
    </ClCompile>
    <ClCompile Include="..\..\Thistle\Trees\verticaltree_p.cpp">
      <Filter>Sources</Filter>
    </ClCompile>
  </ItemGroup>
</Project>