<?xml version="1.0" encoding="utf-8"?>
<Project ToolsVersion="4.0" xmlns="http://schemas.microsoft.com/developer/msbuild/2003">
  <ItemGroup>
    <Filter Include="Generated Files">
      <UniqueIdentifier>{71ED8ED8-ACB9-4CE9-BBE1-E00B30144E11}</UniqueIdentifier>
      <Extensions>cpp;c;cxx;moc;h;def;odl;idl;res;</Extensions>
    </Filter>
    <Filter Include="Generated Files">
      <UniqueIdentifier>{71ED8ED8-ACB9-4CE9-BBE1-E00B30144E11}</UniqueIdentifier>
      <Extensions>cpp;c;cxx;moc;h;def;odl;idl;res;</Extensions>
    </Filter>
    <Filter Include="Header Files">
      <UniqueIdentifier>{93995380-89BD-4b04-88EB-625FBE52EBFB}</UniqueIdentifier>
      <Extensions>h;hpp;hxx;hm;inl;inc;xsd</Extensions>
    </Filter>
    <Filter Include="Header Files">
      <UniqueIdentifier>{93995380-89BD-4b04-88EB-625FBE52EBFB}</UniqueIdentifier>
      <Extensions>h;hpp;hxx;hm;inl;inc;xsd</Extensions>
    </Filter>
    <Filter Include="Source Files">
      <UniqueIdentifier>{4FC737F1-C7A5-4376-A066-2A32D752A2FF}</UniqueIdentifier>
      <Extensions>cpp;c;cxx;def;odl;idl;hpj;bat;asm;asmx</Extensions>
    </Filter>
    <Filter Include="Source Files">
      <UniqueIdentifier>{4FC737F1-C7A5-4376-A066-2A32D752A2FF}</UniqueIdentifier>
      <Extensions>cpp;c;cxx;def;odl;idl;hpj;bat;asm;asmx</Extensions>
    </Filter>
    <Filter Include="Generated Files\Debug">
      <UniqueIdentifier>{a95c2962-24e9-4500-af63-5dd130bb0c32}</UniqueIdentifier>
      <Extensions>cpp;moc</Extensions>
      <SourceControlFiles>False</SourceControlFiles>
    </Filter>
    <Filter Include="Generated Files\Release">
      <UniqueIdentifier>{ce54030d-5b34-4855-b1d0-bf1ec4299434}</UniqueIdentifier>
      <Extensions>cpp;moc</Extensions>
      <SourceControlFiles>False</SourceControlFiles>
    </Filter>
  </ItemGroup>
  <ItemGroup>
    <ClCompile Include="..\..\Thistle\Charts\Legends\RadialChartLegend.cpp">
      <Filter>Source Files</Filter>
    </ClCompile>
    <ClCompile Include="..\..\Thistle\Charts\Axis\abstractaxis.cpp">
      <Filter>Source Files</Filter>
    </ClCompile>
    <ClCompile Include="..\..\Thistle\Charts\Axis\abstractaxis_p.cpp">
      <Filter>Source Files</Filter>
    </ClCompile>
    <ClCompile Include="..\..\Thistle\Charts\abstractchart.cpp">
      <Filter>Source Files</Filter>
    </ClCompile>
    <ClCompile Include="..\..\Thistle\Charts\abstractchart_p.cpp">
      <Filter>Source Files</Filter>
    </ClCompile>
    <ClCompile Include="..\..\Thistle\Charts\axischart.cpp">
      <Filter>Source Files</Filter>
    </ClCompile>
    <ClCompile Include="..\..\Thistle\Charts\axischart_p.cpp">
      <Filter>Source Files</Filter>
    </ClCompile>
    <ClCompile Include="..\..\Thistle\Charts\Legends\chartlegend.cpp">
      <Filter>Source Files</Filter>
    </ClCompile>
    <ClCompile Include="..\..\Thistle\Charts\delegates.cpp">
      <Filter>Source Files</Filter>
    </ClCompile>
    <ClCompile Include="..\..\Thistle\Charts\linearchart.cpp">
      <Filter>Source Files</Filter>
    </ClCompile>
    <ClCompile Include="..\..\Thistle\Charts\linearchart_p.cpp">
      <Filter>Source Files</Filter>
    </ClCompile>
    <ClCompile Include="..\..\Thistle\Charts\Legends\linearchartlegend.cpp">
      <Filter>Source Files</Filter>
    </ClCompile>
    <ClCompile Include="..\..\Thistle\Charts\Axis\orthogonalaxis.cpp">
      <Filter>Source Files</Filter>
    </ClCompile>
    <ClCompile Include="..\..\Thistle\Charts\Axis\orthogonalaxis_p.cpp">
      <Filter>Source Files</Filter>
    </ClCompile>
    <ClCompile Include="..\..\Thistle\Charts\piechart.cpp">
      <Filter>Source Files</Filter>
    </ClCompile>
    <ClCompile Include="..\..\Thistle\Charts\piechart3d.cpp">
      <Filter>Source Files</Filter>
    </ClCompile>
    <ClCompile Include="..\..\Thistle\Charts\piechart3d_p.cpp">
      <Filter>Source Files</Filter>
    </ClCompile>
    <ClCompile Include="..\..\Thistle\Charts\piechart_p.cpp">
      <Filter>Source Files</Filter>
    </ClCompile>
    <ClCompile Include="..\..\Thistle\Charts\Legends\piechartlegend.cpp">
      <Filter>Source Files</Filter>
    </ClCompile>
    <ClCompile Include="..\..\Thistle\Charts\Axis\radialaxis.cpp">
      <Filter>Source Files</Filter>
    </ClCompile>
    <ClCompile Include="..\..\Thistle\Charts\Axis\radialaxis_p.cpp">
      <Filter>Source Files</Filter>
    </ClCompile>
    <ClCompile Include="..\..\Thistle\Charts\radialchart.cpp">
      <Filter>Source Files</Filter>
    </ClCompile>
    <ClCompile Include="..\..\Thistle\Charts\radialchart_p.cpp">
      <Filter>Source Files</Filter>
    </ClCompile>
    <ClCompile Include="..\..\Thistle\Charts\serieformat.cpp">
      <Filter>Source Files</Filter>
    </ClCompile>
    <ClCompile Include="..\..\..\bin\mingw32\Debug\generatedFiles\moc_axischart.cpp">
      <Filter>Generated Files\Debug</Filter>
    </ClCompile>
    <ClCompile Include="..\..\..\bin\mingw32\Release\generatedFiles\moc_axischart.cpp">
      <Filter>Generated Files\Release</Filter>
    </ClCompile>
    <ClCompile Include="..\..\..\bin\mingw32\Debug\generatedFiles\moc_linearchart.cpp">
      <Filter>Generated Files\Debug</Filter>
    </ClCompile>
    <ClCompile Include="..\..\..\bin\mingw32\Release\generatedFiles\moc_linearchart.cpp">
      <Filter>Generated Files\Release</Filter>
    </ClCompile>
    <ClCompile Include="..\..\..\bin\mingw32\Debug\generatedFiles\moc_piechart.cpp">
      <Filter>Generated Files\Debug</Filter>
    </ClCompile>
    <ClCompile Include="..\..\..\bin\mingw32\Release\generatedFiles\moc_piechart.cpp">
      <Filter>Generated Files\Release</Filter>
    </ClCompile>
    <ClCompile Include="..\..\..\bin\mingw32\Debug\generatedFiles\moc_piechart3d.cpp">
      <Filter>Generated Files\Debug</Filter>
    </ClCompile>
    <ClCompile Include="..\..\..\bin\mingw32\Release\generatedFiles\moc_piechart3d.cpp">
      <Filter>Generated Files\Release</Filter>
    </ClCompile>
    <ClCompile Include="..\..\..\bin\mingw32\Debug\generatedFiles\moc_radialchart.cpp">
      <Filter>Generated Files\Debug</Filter>
    </ClCompile>
    <ClCompile Include="..\..\..\bin\mingw32\Release\generatedFiles\moc_radialchart.cpp">
      <Filter>Generated Files\Release</Filter>
    </ClCompile>
  </ItemGroup>
  <ItemGroup>
    <ClInclude Include="..\..\Thistle\Charts\Legends\RadialChartLegend.h">
      <Filter>Header Files</Filter>
    </ClInclude>
    <ClInclude Include="..\..\Thistle\Charts\Axis\abstractaxis.h">
      <Filter>Header Files</Filter>
    </ClInclude>
    <ClInclude Include="..\..\Thistle\Charts\Axis\abstractaxis_p.h">
      <Filter>Header Files</Filter>
    </ClInclude>
    <ClInclude Include="..\..\Thistle\Charts\abstractchart.h">
      <Filter>Header Files</Filter>
    </ClInclude>
    <ClInclude Include="..\..\Thistle\Charts\abstractchart_p.h">
      <Filter>Header Files</Filter>
    </ClInclude>
    <CustomBuild Include="..\..\Thistle\Charts\axischart.h">
      <Filter>Header Files</Filter>
    </CustomBuild>
    <ClInclude Include="..\..\Thistle\Charts\axischart_p.h">
      <Filter>Header Files</Filter>
    </ClInclude>
    <ClInclude Include="..\..\Thistle\Charts\Legends\chartlegend.h">
      <Filter>Header Files</Filter>
    </ClInclude>
    <ClInclude Include="..\..\Thistle\Charts\delegates.h">
      <Filter>Header Files</Filter>
    </ClInclude>
    <CustomBuild Include="..\..\Thistle\Charts\linearchart.h">
      <Filter>Header Files</Filter>
    </CustomBuild>
    <ClInclude Include="..\..\Thistle\Charts\linearchart_p.h">
      <Filter>Header Files</Filter>
    </ClInclude>
    <ClInclude Include="..\..\Thistle\Charts\Legends\linearchartlegend.h">
      <Filter>Header Files</Filter>
    </ClInclude>
    <ClInclude Include="..\..\Thistle\Charts\Axis\orthogonalaxis.h">
      <Filter>Header Files</Filter>
    </ClInclude>
    <ClInclude Include="..\..\Thistle\Charts\Axis\orthogonalaxis_p.h">
      <Filter>Header Files</Filter>
    </ClInclude>
    <CustomBuild Include="..\..\Thistle\Charts\piechart.h">
      <Filter>Header Files</Filter>
    </CustomBuild>
    <CustomBuild Include="..\..\Thistle\Charts\piechart3d.h">
      <Filter>Header Files</Filter>
    </CustomBuild>
    <ClInclude Include="..\..\Thistle\Charts\piechart3d_p.h">
      <Filter>Header Files</Filter>
    </ClInclude>
    <ClInclude Include="..\..\Thistle\Charts\piechart_p.h">
      <Filter>Header Files</Filter>
    </ClInclude>
    <ClInclude Include="..\..\Thistle\Charts\Legends\piechartlegend.h">
      <Filter>Header Files</Filter>
    </ClInclude>
    <ClInclude Include="..\..\Thistle\Charts\Axis\radialaxis.h">
      <Filter>Header Files</Filter>
    </ClInclude>
    <ClInclude Include="..\..\Thistle\Charts\Axis\radialaxis_p.h">
      <Filter>Header Files</Filter>
    </ClInclude>
    <CustomBuild Include="..\..\Thistle\Charts\radialchart.h">
      <Filter>Header Files</Filter>
    </CustomBuild>
    <ClInclude Include="..\..\Thistle\Charts\radialchart_p.h">
      <Filter>Header Files</Filter>
    </ClInclude>
    <ClInclude Include="..\..\Thistle\Charts\serieformat.h">
      <Filter>Header Files</Filter>
    </ClInclude>
    <ClInclude Include="..\..\Thistle\Charts\serieformat_p.h">
      <Filter>Header Files</Filter>
    </ClInclude>
  </ItemGroup>
</Project>